<?xml version="1.0" encoding="utf-8"?>
<Project ToolsVersion="4.0" xmlns="http://schemas.microsoft.com/developer/msbuild/2003">
  <ItemGroup>
    <Filter Include="Source Files">
      <UniqueIdentifier>{4FC737F1-C7A5-4376-A066-2A32D752A2FF}</UniqueIdentifier>
      <Extensions>cpp;c;cc;cxx;def;odl;idl;hpj;bat;asm;asmx</Extensions>
    </Filter>
    <Filter Include="Header Files">
      <UniqueIdentifier>{93995380-89BD-4b04-88EB-625FBE52EBFB}</UniqueIdentifier>
      <Extensions>h;hh;hpp;hxx;hm;inl;inc;xsd</Extensions>
    </Filter>
    <Filter Include="Resource Files">
      <UniqueIdentifier>{67DA6AB6-F800-4c08-8B7A-83BB121AAD01}</UniqueIdentifier>
      <Extensions>rc;ico;cur;bmp;dlg;rc2;rct;bin;rgs;gif;jpg;jpeg;jpe;resx;tiff;tif;png;wav;mfcribbon-ms</Extensions>
    </Filter>
    <Filter Include="Conscientia Files">
      <UniqueIdentifier>{fd76d247-6549-4206-98e3-cc0e19a11a1e}</UniqueIdentifier>
    </Filter>
    <Filter Include="Conscientia Files\Header Files">
      <UniqueIdentifier>{e93cd6af-4b82-47b8-a956-8b2fe14db9c6}</UniqueIdentifier>
    </Filter>
    <Filter Include="Conscientia Files\Source Files">
      <UniqueIdentifier>{a18fd741-10ad-4cee-97a0-3070bc1a9475}</UniqueIdentifier>
    </Filter>
  </ItemGroup>
  <ItemGroup>
    <ClCompile Include="Core.cpp">
      <Filter>Source Files</Filter>
    </ClCompile>
    <ClCompile Include="Aer.cpp">
      <Filter>Source Files</Filter>
    </ClCompile>
    <ClCompile Include="Conscientia Files\Concero.cpp">
      <Filter>Conscientia Files\Source Files</Filter>
    </ClCompile>
    <ClCompile Include="Conscientia Files\Conscientia.cpp">
      <Filter>Conscientia Files\Source Files</Filter>
    </ClCompile>
    <ClCompile Include="Conscientia Files\Logging.cpp">
      <Filter>Conscientia Files\Source Files</Filter>
    </ClCompile>
    <ClCompile Include="Conscientia Files\LuxLector.cpp">
      <Filter>Conscientia Files\Source Files</Filter>
    </ClCompile>
  </ItemGroup>
  <ItemGroup>
    <ClInclude Include="Aer.h">
      <Filter>Header Files</Filter>
    </ClInclude>
    <ClInclude Include="Conscientia Files\Concero.h">
      <Filter>Conscientia Files\Header Files</Filter>
    </ClInclude>
    <ClInclude Include="Conscientia Files\Conscientia Headers.h">
      <Filter>Conscientia Files\Header Files</Filter>
    </ClInclude>
    <ClInclude Include="Conscientia Files\Conscientia.h">
      <Filter>Conscientia Files\Header Files</Filter>
    </ClInclude>
    <ClInclude Include="Conscientia Files\Logging.h">
      <Filter>Conscientia Files\Header Files</Filter>
    </ClInclude>
    <ClInclude Include="Conscientia Files\LuxLector.h">
      <Filter>Conscientia Files\Header Files</Filter>
    </ClInclude>
  </ItemGroup>
  <ItemGroup>
    <None Include="GetPage.py">
      <Filter>Source Files</Filter>
    </None>
    <None Include="ProgramData.lux">
      <Filter>Resource Files</Filter>
    </None>
    <None Include="Conscientia Files\GetPage.py">
      <Filter>Conscientia Files\Source Files</Filter>
    </None>
  </ItemGroup>
  <ItemGroup>
    <Text Include="Log.log">
      <Filter>Resource Files</Filter>
    </Text>
  </ItemGroup>
</Project>